
Microsoft Visual Studio Solution File, Format Version 12.00
# Visual Studio Version 16
VisualStudioVersion = 16.0.30104.148
MinimumVisualStudioVersion = 10.0.40219.1
Project("{FAE04EC0-301F-11D3-BF4B-00C04F79EFBC}") = "JwtExample", "JwtExample\JwtExample.csproj", "{960E1A06-136A-4FD0-9B1E-B06C62ABF08E}"
EndProject
Global
	GlobalSection(SolutionConfigurationPlatforms) = preSolution
		Debug|Any CPU = Debug|Any CPU
		Release|Any CPU = Release|Any CPU
	EndGlobalSection
	GlobalSection(ProjectConfigurationPlatforms) = postSolution
		{960E1A06-136A-4FD0-9B1E-B06C62ABF08E}.Debug|Any CPU.ActiveCfg = Debug|Any CPU
		{960E1A06-136A-4FD0-9B1E-B06C62ABF08E}.Debug|Any CPU.Build.0 = Debug|Any CPU
		{960E1A06-136A-4FD0-9B1E-B06C62ABF08E}.Release|Any CPU.ActiveCfg = Release|Any CPU
		{960E1A06-136A-4FD0-9B1E-B06C62ABF08E}.Release|Any CPU.Build.0 = Release|Any CPU
	EndGlobalSection
	GlobalSection(SolutionProperties) = preSolution
		HideSolutionNode = FALSE
	EndGlobalSection
	GlobalSection(ExtensibilityGlobals) = postSolution
		SolutionGuid = {BD07DBC2-8443-4770-8823-F9ACC18C4196}
	EndGlobalSection
EndGlobal
